schema: '2.0'
stages:
  get_data:
    cmd: python get_data.py
    deps:
    - path: get_data.py
      hash: md5
      md5: bfdcf5368a3d0e4381d14230654cb28f
      size: 644
    outs:
    - path: ../../data/ca_house_prediction/housing.csv
      hash: md5
      md5: d1c47305887e2252bf1ccbd74ff159a6
      size: 1423529
  prepare:
    cmd: python prepare_data.py
    deps:
    - path: ../../data/ca_house_prediction/housing.csv
      hash: md5
      md5: d1c47305887e2252bf1ccbd74ff159a6
      size: 1423529
    - path: prepare_data.py
      hash: md5
      md5: 421f6922f630e2461bb3e4cbe20ff77b
      size: 1322
    outs:
    - path: ../../data/ca_house_prediction/X_test.csv
      hash: md5
      md5: 096dc4b921c8f6b27c7a8dbfa8219593
      size: 32156
    - path: ../../data/ca_house_prediction/X_train.csv
      hash: md5
      md5: 74cc03e92f13153658531506ea429929
      size: 128804
    - path: ../../data/ca_house_prediction/y_test.csv
      hash: md5
      md5: bc2f417c379a0e10918dfed167aaaad8
      size: 40563
    - path: ../../data/ca_house_prediction/y_train.csv
      hash: md5
      md5: 84eb54b3506b5e08b50e141c2f6cb617
      size: 162267
